
Microsoft Visual Studio Solution File, Format Version 12.00
# Visual Studio Version 17
VisualStudioVersion = 17.10.35013.160
MinimumVisualStudioVersion = 10.0.40219.1
Project("{FAE04EC0-301F-11D3-BF4B-00C04F79EFBC}") = "Task3", "Task3\Task3.csproj", "{384324F4-91E3-43A0-82A7-5023DD163304}"
EndProject
Global
	GlobalSection(SolutionConfigurationPlatforms) = preSolution
		Debug|Any CPU = Debug|Any CPU
		Release|Any CPU = Release|Any CPU
	EndGlobalSection
	GlobalSection(ProjectConfigurationPlatforms) = postSolution
		{384324F4-91E3-43A0-82A7-5023DD163304}.Debug|Any CPU.ActiveCfg = Debug|Any CPU
		{384324F4-91E3-43A0-82A7-5023DD163304}.Debug|Any CPU.Build.0 = Debug|Any CPU
		{384324F4-91E3-43A0-82A7-5023DD163304}.Release|Any CPU.ActiveCfg = Release|Any CPU
		{384324F4-91E3-43A0-82A7-5023DD163304}.Release|Any CPU.Build.0 = Release|Any CPU
	EndGlobalSection
	GlobalSection(SolutionProperties) = preSolution
		HideSolutionNode = FALSE
	EndGlobalSection
	GlobalSection(ExtensibilityGlobals) = postSolution
		SolutionGuid = {D0BF7DD9-E028-4ECD-BC1E-146A29D6696C}
	EndGlobalSection
EndGlobal
