
Microsoft Visual Studio Solution File, Format Version 12.00
# Visual Studio Version 17
VisualStudioVersion = 17.10.35013.160
MinimumVisualStudioVersion = 10.0.40219.1
Project("{FAE04EC0-301F-11D3-BF4B-00C04F79EFBC}") = "Task 7", "Task 7\Task 7.csproj", "{6B8CB8FD-267A-4451-9986-8C8A66F43384}"
EndProject
Global
	GlobalSection(SolutionConfigurationPlatforms) = preSolution
		Debug|Any CPU = Debug|Any CPU
		Release|Any CPU = Release|Any CPU
	EndGlobalSection
	GlobalSection(ProjectConfigurationPlatforms) = postSolution
		{6B8CB8FD-267A-4451-9986-8C8A66F43384}.Debug|Any CPU.ActiveCfg = Debug|Any CPU
		{6B8CB8FD-267A-4451-9986-8C8A66F43384}.Debug|Any CPU.Build.0 = Debug|Any CPU
		{6B8CB8FD-267A-4451-9986-8C8A66F43384}.Release|Any CPU.ActiveCfg = Release|Any CPU
		{6B8CB8FD-267A-4451-9986-8C8A66F43384}.Release|Any CPU.Build.0 = Release|Any CPU
	EndGlobalSection
	GlobalSection(SolutionProperties) = preSolution
		HideSolutionNode = FALSE
	EndGlobalSection
	GlobalSection(ExtensibilityGlobals) = postSolution
		SolutionGuid = {7EDAF088-BE85-4DA2-AA26-F8C4EBC2932E}
	EndGlobalSection
EndGlobal
